[root]
name = "playform-client"
version = "0.0.0"
dependencies = [
 "cgmath 0.3.1 (git+https://github.com/bjz/cgmath-rs)",
 "clippy 0.0.18 (registry+https://github.com/rust-lang/crates.io-index)",
 "env_logger 0.3.1 (registry+https://github.com/rust-lang/crates.io-index)",
 "gl 0.1.0 (git+https://github.com/bjz/gl-rs)",
 "libc 0.1.10 (registry+https://github.com/rust-lang/crates.io-index)",
 "log 0.3.2 (registry+https://github.com/rust-lang/crates.io-index)",
 "num 0.1.27 (registry+https://github.com/rust-lang/crates.io-index)",
 "playform-common 0.0.0",
 "sdl2 0.9.1 (git+https://github.com/AngryLawyer/rust-sdl2)",
 "sdl2-sys 0.6.2 (git+https://github.com/AngryLawyer/rust-sdl2)",
 "stopwatch 0.0.0 (git+https://github.com/bfops/stopwatch-rs)",
 "thread-scoped 1.0.1 (registry+https://github.com/rust-lang/crates.io-index)",
 "time 0.1.32 (registry+https://github.com/rust-lang/crates.io-index)",
 "yaglw 0.0.0 (git+https://github.com/bfops/yaglw)",
]

[[package]]
name = "advapi32-sys"
version = "0.1.2"
source = "registry+https://github.com/rust-lang/crates.io-index"
dependencies = [
 "winapi 0.2.4 (registry+https://github.com/rust-lang/crates.io-index)",
 "winapi-build 0.1.1 (registry+https://github.com/rust-lang/crates.io-index)",
]

[[package]]
name = "aho-corasick"
version = "0.3.2"
source = "registry+https://github.com/rust-lang/crates.io-index"
dependencies = [
 "memchr 0.1.6 (registry+https://github.com/rust-lang/crates.io-index)",
]

[[package]]
name = "bitflags"
version = "0.3.2"
source = "registry+https://github.com/rust-lang/crates.io-index"

[[package]]
name = "cgmath"
version = "0.3.1"
source = "git+https://github.com/bjz/cgmath-rs#a5df1649344295b539be831de903bdd6fa868e31"
dependencies = [
 "num 0.1.27 (registry+https://github.com/rust-lang/crates.io-index)",
 "rand 0.3.11 (registry+https://github.com/rust-lang/crates.io-index)",
 "rustc-serialize 0.3.16 (registry+https://github.com/rust-lang/crates.io-index)",
]

[[package]]
name = "clippy"
version = "0.0.18"
source = "registry+https://github.com/rust-lang/crates.io-index"
dependencies = [
 "unicode-normalization 0.1.1 (registry+https://github.com/rust-lang/crates.io-index)",
]

[[package]]
name = "env_logger"
version = "0.3.1"
source = "registry+https://github.com/rust-lang/crates.io-index"
dependencies = [
 "log 0.3.2 (registry+https://github.com/rust-lang/crates.io-index)",
 "regex 0.1.41 (registry+https://github.com/rust-lang/crates.io-index)",
]

[[package]]
name = "gl"
version = "0.1.0"
source = "git+https://github.com/bjz/gl-rs#36d93dc93d56c24f66ad71d02c4ccc635e3d50c1"
dependencies = [
 "gl_common 0.1.0 (git+https://github.com/bjz/gl-rs)",
 "gl_generator 0.1.0 (git+https://github.com/bjz/gl-rs)",
 "khronos_api 0.0.8 (git+https://github.com/bjz/gl-rs)",
 "libc 0.1.10 (registry+https://github.com/rust-lang/crates.io-index)",
]

[[package]]
name = "gl_common"
version = "0.1.0"
source = "git+https://github.com/bjz/gl-rs#36d93dc93d56c24f66ad71d02c4ccc635e3d50c1"
dependencies = [
 "libc 0.1.10 (registry+https://github.com/rust-lang/crates.io-index)",
]

[[package]]
name = "gl_generator"
version = "0.1.0"
source = "git+https://github.com/bjz/gl-rs#36d93dc93d56c24f66ad71d02c4ccc635e3d50c1"
dependencies = [
 "khronos_api 0.0.8 (git+https://github.com/bjz/gl-rs)",
 "log 0.3.2 (registry+https://github.com/rust-lang/crates.io-index)",
 "xml-rs 0.1.26 (registry+https://github.com/rust-lang/crates.io-index)",
]

[[package]]
name = "kernel32-sys"
version = "0.1.4"
source = "registry+https://github.com/rust-lang/crates.io-index"
dependencies = [
 "winapi 0.2.4 (registry+https://github.com/rust-lang/crates.io-index)",
 "winapi-build 0.1.1 (registry+https://github.com/rust-lang/crates.io-index)",
]

[[package]]
name = "khronos_api"
version = "0.0.8"
source = "git+https://github.com/bjz/gl-rs#36d93dc93d56c24f66ad71d02c4ccc635e3d50c1"

[[package]]
name = "libc"
version = "0.1.10"
source = "registry+https://github.com/rust-lang/crates.io-index"

[[package]]
name = "log"
version = "0.3.2"
source = "registry+https://github.com/rust-lang/crates.io-index"
dependencies = [
 "libc 0.1.10 (registry+https://github.com/rust-lang/crates.io-index)",
]

[[package]]
name = "memchr"
version = "0.1.6"
source = "registry+https://github.com/rust-lang/crates.io-index"
dependencies = [
 "libc 0.1.10 (registry+https://github.com/rust-lang/crates.io-index)",
]

[[package]]
name = "nanomsg"
version = "0.4.0"
source = "git+https://github.com/thehydroimpulse/nanomsg.rs#7b55e7b575e4faf967cd28382f3b709b5652e71f"
dependencies = [
 "libc 0.1.10 (registry+https://github.com/rust-lang/crates.io-index)",
 "nanomsg-sys 0.2.0 (git+https://github.com/thehydroimpulse/nanomsg.rs)",
]

[[package]]
name = "nanomsg-sys"
version = "0.2.0"
source = "git+https://github.com/thehydroimpulse/nanomsg.rs#7b55e7b575e4faf967cd28382f3b709b5652e71f"
dependencies = [
 "libc 0.1.10 (registry+https://github.com/rust-lang/crates.io-index)",
]

[[package]]
name = "num"
version = "0.1.27"
source = "registry+https://github.com/rust-lang/crates.io-index"
dependencies = [
 "rand 0.3.11 (registry+https://github.com/rust-lang/crates.io-index)",
 "rustc-serialize 0.3.16 (registry+https://github.com/rust-lang/crates.io-index)",
]

[[package]]
name = "playform-common"
version = "0.0.0"
dependencies = [
 "cgmath 0.3.1 (git+https://github.com/bjz/cgmath-rs)",
 "log 0.3.2 (registry+https://github.com/rust-lang/crates.io-index)",
 "nanomsg 0.4.0 (git+https://github.com/thehydroimpulse/nanomsg.rs)",
 "num 0.1.27 (registry+https://github.com/rust-lang/crates.io-index)",
 "serialize 0.0.0",
 "stopwatch 0.0.0 (git+https://github.com/bfops/stopwatch-rs)",
 "time 0.1.32 (registry+https://github.com/rust-lang/crates.io-index)",
]

[[package]]
name = "rand"
version = "0.3.11"
source = "registry+https://github.com/rust-lang/crates.io-index"
dependencies = [
 "advapi32-sys 0.1.2 (registry+https://github.com/rust-lang/crates.io-index)",
 "libc 0.1.10 (registry+https://github.com/rust-lang/crates.io-index)",
 "winapi 0.2.4 (registry+https://github.com/rust-lang/crates.io-index)",
]

[[package]]
name = "regex"
version = "0.1.41"
source = "registry+https://github.com/rust-lang/crates.io-index"
dependencies = [
 "aho-corasick 0.3.2 (registry+https://github.com/rust-lang/crates.io-index)",
 "memchr 0.1.6 (registry+https://github.com/rust-lang/crates.io-index)",
 "regex-syntax 0.2.2 (registry+https://github.com/rust-lang/crates.io-index)",
]

[[package]]
name = "regex-syntax"
version = "0.2.2"
source = "registry+https://github.com/rust-lang/crates.io-index"

[[package]]
name = "rustc-serialize"
version = "0.3.16"
source = "registry+https://github.com/rust-lang/crates.io-index"

[[package]]
name = "sdl2"
version = "0.9.1"
source = "git+https://github.com/AngryLawyer/rust-sdl2#5c32081266ad4493d89b47b0b907fc3a28259dbd"
dependencies = [
 "bitflags 0.3.2 (registry+https://github.com/rust-lang/crates.io-index)",
 "libc 0.1.10 (registry+https://github.com/rust-lang/crates.io-index)",
 "num 0.1.27 (registry+https://github.com/rust-lang/crates.io-index)",
 "rand 0.3.11 (registry+https://github.com/rust-lang/crates.io-index)",
 "sdl2-sys 0.6.2 (git+https://github.com/AngryLawyer/rust-sdl2)",
]

[[package]]
name = "sdl2-sys"
version = "0.6.2"
source = "git+https://github.com/AngryLawyer/rust-sdl2#5c32081266ad4493d89b47b0b907fc3a28259dbd"
dependencies = [
 "libc 0.1.10 (registry+https://github.com/rust-lang/crates.io-index)",
 "num 0.1.27 (registry+https://github.com/rust-lang/crates.io-index)",
]

[[package]]
name = "serialize"
version = "0.0.0"
dependencies = [
 "num 0.1.27 (registry+https://github.com/rust-lang/crates.io-index)",
]

[[package]]
name = "stopwatch"
version = "0.0.0"
source = "git+https://github.com/bfops/stopwatch-rs#da2876226ff7e5c0175c05f9e5638615c6779d2a"
dependencies = [
 "log 0.3.2 (registry+https://github.com/rust-lang/crates.io-index)",
 "time 0.1.32 (registry+https://github.com/rust-lang/crates.io-index)",
]

[[package]]
name = "thread-scoped"
version = "1.0.1"
source = "registry+https://github.com/rust-lang/crates.io-index"

[[package]]
name = "time"
version = "0.1.32"
source = "registry+https://github.com/rust-lang/crates.io-index"
dependencies = [
 "kernel32-sys 0.1.4 (registry+https://github.com/rust-lang/crates.io-index)",
 "libc 0.1.10 (registry+https://github.com/rust-lang/crates.io-index)",
 "winapi 0.2.4 (registry+https://github.com/rust-lang/crates.io-index)",
]

[[package]]
name = "unicode-normalization"
version = "0.1.1"
source = "registry+https://github.com/rust-lang/crates.io-index"

[[package]]
name = "winapi"
version = "0.2.4"
source = "registry+https://github.com/rust-lang/crates.io-index"

[[package]]
name = "winapi-build"
version = "0.1.1"
source = "registry+https://github.com/rust-lang/crates.io-index"

[[package]]
name = "xml-rs"
version = "0.1.26"
source = "registry+https://github.com/rust-lang/crates.io-index"
dependencies = [
 "bitflags 0.3.2 (registry+https://github.com/rust-lang/crates.io-index)",
]

[[package]]
name = "yaglw"
version = "0.0.0"
source = "git+https://github.com/bfops/yaglw#ceb0bf4c31567992228ec525d5c1c2e2e268dd00"
dependencies = [
 "gl 0.1.0 (git+https://github.com/bjz/gl-rs)",
 "log 0.3.2 (registry+https://github.com/rust-lang/crates.io-index)",
 "num 0.1.27 (registry+https://github.com/rust-lang/crates.io-index)",
]

