[root]
name = "playform-device"
version = "0.0.0"
dependencies = [
 "env_logger 0.2.2 (registry+https://github.com/rust-lang/crates.io-index)",
 "log 0.2.3 (registry+https://github.com/rust-lang/crates.io-index)",
 "nanomsg 0.3.1 (git+https://github.com/thehydroimpulse/nanomsg.rs)",
 "playform-common 0.0.0",
]

[[package]]
name = "env_logger"
version = "0.2.2"
source = "registry+https://github.com/rust-lang/crates.io-index"
dependencies = [
 "log 0.2.3 (registry+https://github.com/rust-lang/crates.io-index)",
 "regex 0.1.14 (registry+https://github.com/rust-lang/crates.io-index)",
]

[[package]]
name = "gcc"
version = "0.1.7"
source = "registry+https://github.com/rust-lang/crates.io-index"

[[package]]
name = "libc"
version = "0.1.2"
source = "registry+https://github.com/rust-lang/crates.io-index"

[[package]]
name = "log"
version = "0.2.3"
source = "registry+https://github.com/rust-lang/crates.io-index"

[[package]]
name = "nalgebra"
version = "0.2.2"
source = "git+https://github.com/sebcrozet/nalgebra#4065341aa0967606e01e42820782bd418a1e7041"
dependencies = [
 "rustc-serialize 0.2.13 (registry+https://github.com/rust-lang/crates.io-index)",
]

[[package]]
name = "nanomsg"
version = "0.3.1"
source = "git+https://github.com/thehydroimpulse/nanomsg.rs#9f335991be9cd5dca51fa7154401e3d7da3e2d22"
dependencies = [
 "nanomsg-sys 0.1.1 (git+https://github.com/thehydroimpulse/nanomsg.rs)",
]

[[package]]
name = "nanomsg-sys"
version = "0.1.1"
source = "git+https://github.com/thehydroimpulse/nanomsg.rs#9f335991be9cd5dca51fa7154401e3d7da3e2d22"

[[package]]
name = "ncollide_entities"
version = "0.1.0"
source = "git+https://github.com/bfops/ncollide#7c2c6856b028d47833a42eb8d03a081bfaf79139"
dependencies = [
 "nalgebra 0.2.2 (git+https://github.com/sebcrozet/nalgebra)",
 "ncollide_math 0.1.0 (git+https://github.com/bfops/ncollide)",
 "ncollide_utils 0.1.0 (git+https://github.com/bfops/ncollide)",
 "rustc-serialize 0.2.13 (registry+https://github.com/rust-lang/crates.io-index)",
]

[[package]]
name = "ncollide_math"
version = "0.1.0"
source = "git+https://github.com/bfops/ncollide#7c2c6856b028d47833a42eb8d03a081bfaf79139"
dependencies = [
 "nalgebra 0.2.2 (git+https://github.com/sebcrozet/nalgebra)",
]

[[package]]
name = "ncollide_utils"
version = "0.1.0"
source = "git+https://github.com/bfops/ncollide#7c2c6856b028d47833a42eb8d03a081bfaf79139"
dependencies = [
 "nalgebra 0.2.2 (git+https://github.com/sebcrozet/nalgebra)",
 "ncollide_math 0.1.0 (git+https://github.com/bfops/ncollide)",
 "rustc-serialize 0.2.13 (registry+https://github.com/rust-lang/crates.io-index)",
]

[[package]]
name = "playform-common"
version = "0.0.0"
dependencies = [
 "log 0.2.3 (registry+https://github.com/rust-lang/crates.io-index)",
 "nalgebra 0.2.2 (git+https://github.com/sebcrozet/nalgebra)",
 "nanomsg 0.3.1 (git+https://github.com/thehydroimpulse/nanomsg.rs)",
 "ncollide_entities 0.1.0 (git+https://github.com/bfops/ncollide)",
 "rustc-serialize 0.2.13 (registry+https://github.com/rust-lang/crates.io-index)",
 "time 0.1.17 (registry+https://github.com/rust-lang/crates.io-index)",
]

[[package]]
name = "regex"
version = "0.1.14"
source = "registry+https://github.com/rust-lang/crates.io-index"

[[package]]
name = "rustc-serialize"
version = "0.2.13"
source = "registry+https://github.com/rust-lang/crates.io-index"

[[package]]
name = "time"
version = "0.1.17"
source = "registry+https://github.com/rust-lang/crates.io-index"
dependencies = [
 "gcc 0.1.7 (registry+https://github.com/rust-lang/crates.io-index)",
 "libc 0.1.2 (registry+https://github.com/rust-lang/crates.io-index)",
]

